// !$*UTF8*$!
{
	archiveVersion = 1;
	classes = {
	};
	objectVersion = 50;
	objects = {

/* Begin PBXBuildFile section */
		20778004266818D600111ED3 /* RankFoodModel.swift in Sources */ = {isa = PBXBuildFile; fileRef = 20778003266818D600111ED3 /* RankFoodModel.swift */; };
		2077801A26686D6A00111ED3 /* DetailsRankTableViewController.swift in Sources */ = {isa = PBXBuildFile; fileRef = 2077801926686D6900111ED3 /* DetailsRankTableViewController.swift */; };
		207780232668A81800111ED3 /* SubDetailsViewController.swift in Sources */ = {isa = PBXBuildFile; fileRef = 207780222668A81800111ED3 /* SubDetailsViewController.swift */; };
		2077802B2668C71100111ED3 /* RankTableViewController.swift in Sources */ = {isa = PBXBuildFile; fileRef = 2077802A2668C71100111ED3 /* RankTableViewController.swift */; };
		20EAF808261EF1A5008A8A05 /* AppDelegate.swift in Sources */ = {isa = PBXBuildFile; fileRef = 20EAF807261EF1A5008A8A05 /* AppDelegate.swift */; };
		20EAF80A261EF1A5008A8A05 /* SceneDelegate.swift in Sources */ = {isa = PBXBuildFile; fileRef = 20EAF809261EF1A5008A8A05 /* SceneDelegate.swift */; };
		20EAF80F261EF1A5008A8A05 /* Main.storyboard in Resources */ = {isa = PBXBuildFile; fileRef = 20EAF80D261EF1A5008A8A05 /* Main.storyboard */; };
		20EAF811261EF1A9008A8A05 /* Assets.xcassets in Resources */ = {isa = PBXBuildFile; fileRef = 20EAF810261EF1A9008A8A05 /* Assets.xcassets */; };
		20EAF814261EF1A9008A8A05 /* LaunchScreen.storyboard in Resources */ = {isa = PBXBuildFile; fileRef = 20EAF812261EF1A9008A8A05 /* LaunchScreen.storyboard */; };
		20EAF81F261EF1A9008A8A05 /* DasikTests.swift in Sources */ = {isa = PBXBuildFile; fileRef = 20EAF81E261EF1A9008A8A05 /* DasikTests.swift */; };
		20EAF82A261EF1A9008A8A05 /* DasikUITests.swift in Sources */ = {isa = PBXBuildFile; fileRef = 20EAF829261EF1A9008A8A05 /* DasikUITests.swift */; };
		EA5FBA052661443500B534BA /* Extension_UIView.swift in Sources */ = {isa = PBXBuildFile; fileRef = EA5FBA042661443500B534BA /* Extension_UIView.swift */; };
		EA5FBA4826618E6F00B534BA /* SettingViewController.swift in Sources */ = {isa = PBXBuildFile; fileRef = EA5FBA4726618E6F00B534BA /* SettingViewController.swift */; };
		EA5FBA5E266193FF00B534BA /* DietViewController.swift in Sources */ = {isa = PBXBuildFile; fileRef = EA5FBA5D266193FF00B534BA /* DietViewController.swift */; };
		EA5FBA662661941700B534BA /* HomeViewController.swift in Sources */ = {isa = PBXBuildFile; fileRef = EA5FBA652661941700B534BA /* HomeViewController.swift */; };
/* End PBXBuildFile section */

/* Begin PBXContainerItemProxy section */
		20EAF81B261EF1A9008A8A05 /* PBXContainerItemProxy */ = {
			isa = PBXContainerItemProxy;
			containerPortal = 20EAF7FC261EF1A5008A8A05 /* Project object */;
			proxyType = 1;
			remoteGlobalIDString = 20EAF803261EF1A5008A8A05;
			remoteInfo = Helloworld;
		};
		20EAF826261EF1A9008A8A05 /* PBXContainerItemProxy */ = {
			isa = PBXContainerItemProxy;
			containerPortal = 20EAF7FC261EF1A5008A8A05 /* Project object */;
			proxyType = 1;
			remoteGlobalIDString = 20EAF803261EF1A5008A8A05;
			remoteInfo = Helloworld;
		};
/* End PBXContainerItemProxy section */

/* Begin PBXFileReference section */
		20778003266818D600111ED3 /* RankFoodModel.swift */ = {isa = PBXFileReference; lastKnownFileType = sourcecode.swift; path = RankFoodModel.swift; sourceTree = "<group>"; };
		2077801926686D6900111ED3 /* DetailsRankTableViewController.swift */ = {isa = PBXFileReference; lastKnownFileType = sourcecode.swift; path = DetailsRankTableViewController.swift; sourceTree = "<group>"; };
		207780222668A81800111ED3 /* SubDetailsViewController.swift */ = {isa = PBXFileReference; lastKnownFileType = sourcecode.swift; path = SubDetailsViewController.swift; sourceTree = "<group>"; };
		2077802A2668C71100111ED3 /* RankTableViewController.swift */ = {isa = PBXFileReference; lastKnownFileType = sourcecode.swift; path = RankTableViewController.swift; sourceTree = "<group>"; };
		20EAF804261EF1A5008A8A05 /* Dasik.app */ = {isa = PBXFileReference; explicitFileType = wrapper.application; includeInIndex = 0; path = Dasik.app; sourceTree = BUILT_PRODUCTS_DIR; };
		20EAF807261EF1A5008A8A05 /* AppDelegate.swift */ = {isa = PBXFileReference; lastKnownFileType = sourcecode.swift; path = AppDelegate.swift; sourceTree = "<group>"; };
		20EAF809261EF1A5008A8A05 /* SceneDelegate.swift */ = {isa = PBXFileReference; lastKnownFileType = sourcecode.swift; path = SceneDelegate.swift; sourceTree = "<group>"; };
		20EAF80E261EF1A5008A8A05 /* Base */ = {isa = PBXFileReference; lastKnownFileType = file.storyboard; name = Base; path = Base.lproj/Main.storyboard; sourceTree = "<group>"; };
		20EAF810261EF1A9008A8A05 /* Assets.xcassets */ = {isa = PBXFileReference; lastKnownFileType = folder.assetcatalog; path = Assets.xcassets; sourceTree = "<group>"; };
		20EAF813261EF1A9008A8A05 /* Base */ = {isa = PBXFileReference; lastKnownFileType = file.storyboard; name = Base; path = Base.lproj/LaunchScreen.storyboard; sourceTree = "<group>"; };
		20EAF815261EF1A9008A8A05 /* Info.plist */ = {isa = PBXFileReference; lastKnownFileType = text.plist.xml; path = Info.plist; sourceTree = "<group>"; };
		20EAF81A261EF1A9008A8A05 /* DasikTests.xctest */ = {isa = PBXFileReference; explicitFileType = wrapper.cfbundle; includeInIndex = 0; path = DasikTests.xctest; sourceTree = BUILT_PRODUCTS_DIR; };
		20EAF81E261EF1A9008A8A05 /* DasikTests.swift */ = {isa = PBXFileReference; lastKnownFileType = sourcecode.swift; path = DasikTests.swift; sourceTree = "<group>"; };
		20EAF820261EF1A9008A8A05 /* Info.plist */ = {isa = PBXFileReference; lastKnownFileType = text.plist.xml; path = Info.plist; sourceTree = "<group>"; };
		20EAF825261EF1A9008A8A05 /* DasikUITests.xctest */ = {isa = PBXFileReference; explicitFileType = wrapper.cfbundle; includeInIndex = 0; path = DasikUITests.xctest; sourceTree = BUILT_PRODUCTS_DIR; };
		20EAF829261EF1A9008A8A05 /* DasikUITests.swift */ = {isa = PBXFileReference; lastKnownFileType = sourcecode.swift; path = DasikUITests.swift; sourceTree = "<group>"; };
		20EAF82B261EF1A9008A8A05 /* Info.plist */ = {isa = PBXFileReference; lastKnownFileType = text.plist.xml; path = Info.plist; sourceTree = "<group>"; };
		EA5FBA042661443500B534BA /* Extension_UIView.swift */ = {isa = PBXFileReference; lastKnownFileType = sourcecode.swift; path = Extension_UIView.swift; sourceTree = "<group>"; };
		EA5FBA4726618E6F00B534BA /* SettingViewController.swift */ = {isa = PBXFileReference; lastKnownFileType = sourcecode.swift; path = SettingViewController.swift; sourceTree = "<group>"; };
		EA5FBA5D266193FF00B534BA /* DietViewController.swift */ = {isa = PBXFileReference; lastKnownFileType = sourcecode.swift; path = DietViewController.swift; sourceTree = "<group>"; };
		EA5FBA652661941700B534BA /* HomeViewController.swift */ = {isa = PBXFileReference; lastKnownFileType = sourcecode.swift; path = HomeViewController.swift; sourceTree = "<group>"; };
/* End PBXFileReference section */

/* Begin PBXFrameworksBuildPhase section */
		20EAF801261EF1A5008A8A05 /* Frameworks */ = {
			isa = PBXFrameworksBuildPhase;
			buildActionMask = 2147483647;
			files = (
			);
			runOnlyForDeploymentPostprocessing = 0;
		};
		20EAF817261EF1A9008A8A05 /* Frameworks */ = {
			isa = PBXFrameworksBuildPhase;
			buildActionMask = 2147483647;
			files = (
			);
			runOnlyForDeploymentPostprocessing = 0;
		};
		20EAF822261EF1A9008A8A05 /* Frameworks */ = {
			isa = PBXFrameworksBuildPhase;
			buildActionMask = 2147483647;
			files = (
			);
			runOnlyForDeploymentPostprocessing = 0;
		};
/* End PBXFrameworksBuildPhase section */

/* Begin PBXGroup section */
		20EAF7FB261EF1A5008A8A05 = {
			isa = PBXGroup;
			children = (
				20EAF806261EF1A5008A8A05 /* Dasik */,
				20EAF81D261EF1A9008A8A05 /* DasikTests */,
				20EAF828261EF1A9008A8A05 /* DasikUITests */,
				20EAF805261EF1A5008A8A05 /* Products */,
			);
			sourceTree = "<group>";
		};
		20EAF805261EF1A5008A8A05 /* Products */ = {
			isa = PBXGroup;
			children = (
				20EAF804261EF1A5008A8A05 /* Dasik.app */,
				20EAF81A261EF1A9008A8A05 /* DasikTests.xctest */,
				20EAF825261EF1A9008A8A05 /* DasikUITests.xctest */,
			);
			name = Products;
			sourceTree = "<group>";
		};
		20EAF806261EF1A5008A8A05 /* Dasik */ = {
			isa = PBXGroup;
			children = (
				EA5FBA2126618CE500B534BA /* Setting */,
				EA5FBA2026618CD900B534BA /* Rank */,
				EA5FBA1F26618CD100B534BA /* Diet */,
				EA5FBA1B26618CC500B534BA /* Home */,
				20EAF807261EF1A5008A8A05 /* AppDelegate.swift */,
				20EAF809261EF1A5008A8A05 /* SceneDelegate.swift */,
				20EAF80D261EF1A5008A8A05 /* Main.storyboard */,
				20EAF810261EF1A9008A8A05 /* Assets.xcassets */,
				20EAF812261EF1A9008A8A05 /* LaunchScreen.storyboard */,
				20EAF815261EF1A9008A8A05 /* Info.plist */,
				EA5FBA042661443500B534BA /* Extension_UIView.swift */,
			);
			path = Dasik;
			sourceTree = "<group>";
		};
		20EAF81D261EF1A9008A8A05 /* DasikTests */ = {
			isa = PBXGroup;
			children = (
				20EAF81E261EF1A9008A8A05 /* DasikTests.swift */,
				20EAF820261EF1A9008A8A05 /* Info.plist */,
			);
			path = DasikTests;
			sourceTree = "<group>";
		};
		20EAF828261EF1A9008A8A05 /* DasikUITests */ = {
			isa = PBXGroup;
			children = (
				20EAF829261EF1A9008A8A05 /* DasikUITests.swift */,
				20EAF82B261EF1A9008A8A05 /* Info.plist */,
			);
			path = DasikUITests;
			sourceTree = "<group>";
		};
		EA5FBA1B26618CC500B534BA /* Home */ = {
			isa = PBXGroup;
			children = (
				EA5FBA652661941700B534BA /* HomeViewController.swift */,
			);
			path = Home;
			sourceTree = "<group>";
		};
		EA5FBA1F26618CD100B534BA /* Diet */ = {
			isa = PBXGroup;
			children = (
				EA5FBA5D266193FF00B534BA /* DietViewController.swift */,
			);
			path = Diet;
			sourceTree = "<group>";
		};
		EA5FBA2026618CD900B534BA /* Rank */ = {
			isa = PBXGroup;
			children = (
				20778003266818D600111ED3 /* RankFoodModel.swift */,
				2077801926686D6900111ED3 /* DetailsRankTableViewController.swift */,
				207780222668A81800111ED3 /* SubDetailsViewController.swift */,
				2077802A2668C71100111ED3 /* RankTableViewController.swift */,
			);
			path = Rank;
			sourceTree = "<group>";
		};
		EA5FBA2126618CE500B534BA /* Setting */ = {
			isa = PBXGroup;
			children = (
				EA5FBA4726618E6F00B534BA /* SettingViewController.swift */,
			);
			path = Setting;
			sourceTree = "<group>";
		};
/* End PBXGroup section */

/* Begin PBXNativeTarget section */
		20EAF803261EF1A5008A8A05 /* Dasik */ = {
			isa = PBXNativeTarget;
			buildConfigurationList = 20EAF82E261EF1A9008A8A05 /* Build configuration list for PBXNativeTarget "Dasik" */;
			buildPhases = (
				20EAF800261EF1A5008A8A05 /* Sources */,
				20EAF801261EF1A5008A8A05 /* Frameworks */,
				20EAF802261EF1A5008A8A05 /* Resources */,
			);
			buildRules = (
			);
			dependencies = (
			);
			name = Dasik;
			productName = Helloworld;
			productReference = 20EAF804261EF1A5008A8A05 /* Dasik.app */;
			productType = "com.apple.product-type.application";
		};
		20EAF819261EF1A9008A8A05 /* DasikTests */ = {
			isa = PBXNativeTarget;
			buildConfigurationList = 20EAF831261EF1A9008A8A05 /* Build configuration list for PBXNativeTarget "DasikTests" */;
			buildPhases = (
				20EAF816261EF1A9008A8A05 /* Sources */,
				20EAF817261EF1A9008A8A05 /* Frameworks */,
				20EAF818261EF1A9008A8A05 /* Resources */,
			);
			buildRules = (
			);
			dependencies = (
				20EAF81C261EF1A9008A8A05 /* PBXTargetDependency */,
			);
			name = DasikTests;
			productName = HelloworldTests;
			productReference = 20EAF81A261EF1A9008A8A05 /* DasikTests.xctest */;
			productType = "com.apple.product-type.bundle.unit-test";
		};
		20EAF824261EF1A9008A8A05 /* DasikUITests */ = {
			isa = PBXNativeTarget;
			buildConfigurationList = 20EAF834261EF1A9008A8A05 /* Build configuration list for PBXNativeTarget "DasikUITests" */;
			buildPhases = (
				20EAF821261EF1A9008A8A05 /* Sources */,
				20EAF822261EF1A9008A8A05 /* Frameworks */,
				20EAF823261EF1A9008A8A05 /* Resources */,
			);
			buildRules = (
			);
			dependencies = (
				20EAF827261EF1A9008A8A05 /* PBXTargetDependency */,
			);
			name = DasikUITests;
			productName = HelloworldUITests;
			productReference = 20EAF825261EF1A9008A8A05 /* DasikUITests.xctest */;
			productType = "com.apple.product-type.bundle.ui-testing";
		};
/* End PBXNativeTarget section */

/* Begin PBXProject section */
		20EAF7FC261EF1A5008A8A05 /* Project object */ = {
			isa = PBXProject;
			attributes = {
				LastSwiftUpdateCheck = 1240;
				LastUpgradeCheck = 1240;
				TargetAttributes = {
					20EAF803261EF1A5008A8A05 = {
						CreatedOnToolsVersion = 12.4;
					};
					20EAF819261EF1A9008A8A05 = {
						CreatedOnToolsVersion = 12.4;
						TestTargetID = 20EAF803261EF1A5008A8A05;
					};
					20EAF824261EF1A9008A8A05 = {
						CreatedOnToolsVersion = 12.4;
						TestTargetID = 20EAF803261EF1A5008A8A05;
					};
				};
			};
			buildConfigurationList = 20EAF7FF261EF1A5008A8A05 /* Build configuration list for PBXProject "Dasik" */;
			compatibilityVersion = "Xcode 9.3";
			developmentRegion = en;
			hasScannedForEncodings = 0;
			knownRegions = (
				en,
				Base,
			);
			mainGroup = 20EAF7FB261EF1A5008A8A05;
			productRefGroup = 20EAF805261EF1A5008A8A05 /* Products */;
			projectDirPath = "";
			projectRoot = "";
			targets = (
				20EAF803261EF1A5008A8A05 /* Dasik */,
				20EAF819261EF1A9008A8A05 /* DasikTests */,
				20EAF824261EF1A9008A8A05 /* DasikUITests */,
			);
		};
/* End PBXProject section */

/* Begin PBXResourcesBuildPhase section */
		20EAF802261EF1A5008A8A05 /* Resources */ = {
			isa = PBXResourcesBuildPhase;
			buildActionMask = 2147483647;
			files = (
				20EAF814261EF1A9008A8A05 /* LaunchScreen.storyboard in Resources */,
				20EAF811261EF1A9008A8A05 /* Assets.xcassets in Resources */,
				20EAF80F261EF1A5008A8A05 /* Main.storyboard in Resources */,
			);
			runOnlyForDeploymentPostprocessing = 0;
		};
		20EAF818261EF1A9008A8A05 /* Resources */ = {
			isa = PBXResourcesBuildPhase;
			buildActionMask = 2147483647;
			files = (
			);
			runOnlyForDeploymentPostprocessing = 0;
		};
		20EAF823261EF1A9008A8A05 /* Resources */ = {
			isa = PBXResourcesBuildPhase;
			buildActionMask = 2147483647;
			files = (
			);
			runOnlyForDeploymentPostprocessing = 0;
		};
/* End PBXResourcesBuildPhase section */

/* Begin PBXSourcesBuildPhase section */
		20EAF800261EF1A5008A8A05 /* Sources */ = {
			isa = PBXSourcesBuildPhase;
			buildActionMask = 2147483647;
			files = (
				EA5FBA052661443500B534BA /* Extension_UIView.swift in Sources */,
				207780232668A81800111ED3 /* SubDetailsViewController.swift in Sources */,
				EA5FBA5E266193FF00B534BA /* DietViewController.swift in Sources */,
				20EAF808261EF1A5008A8A05 /* AppDelegate.swift in Sources */,
				EA5FBA4826618E6F00B534BA /* SettingViewController.swift in Sources */,
				EA5FBA662661941700B534BA /* HomeViewController.swift in Sources */,
				2077802B2668C71100111ED3 /* RankTableViewController.swift in Sources */,
				2077801A26686D6A00111ED3 /* DetailsRankTableViewController.swift in Sources */,
				20EAF80A261EF1A5008A8A05 /* SceneDelegate.swift in Sources */,
				20778004266818D600111ED3 /* RankFoodModel.swift in Sources */,
			);
			runOnlyForDeploymentPostprocessing = 0;
		};
		20EAF816261EF1A9008A8A05 /* Sources */ = {
			isa = PBXSourcesBuildPhase;
			buildActionMask = 2147483647;
			files = (
				20EAF81F261EF1A9008A8A05 /* DasikTests.swift in Sources */,
			);
			runOnlyForDeploymentPostprocessing = 0;
		};
		20EAF821261EF1A9008A8A05 /* Sources */ = {
			isa = PBXSourcesBuildPhase;
			buildActionMask = 2147483647;
			files = (
				20EAF82A261EF1A9008A8A05 /* DasikUITests.swift in Sources */,
			);
			runOnlyForDeploymentPostprocessing = 0;
		};
/* End PBXSourcesBuildPhase section */

/* Begin PBXTargetDependency section */
		20EAF81C261EF1A9008A8A05 /* PBXTargetDependency */ = {
			isa = PBXTargetDependency;
			target = 20EAF803261EF1A5008A8A05 /* Dasik */;
			targetProxy = 20EAF81B261EF1A9008A8A05 /* PBXContainerItemProxy */;
		};
		20EAF827261EF1A9008A8A05 /* PBXTargetDependency */ = {
			isa = PBXTargetDependency;
			target = 20EAF803261EF1A5008A8A05 /* Dasik */;
			targetProxy = 20EAF826261EF1A9008A8A05 /* PBXContainerItemProxy */;
		};
/* End PBXTargetDependency section */

/* Begin PBXVariantGroup section */
		20EAF80D261EF1A5008A8A05 /* Main.storyboard */ = {
			isa = PBXVariantGroup;
			children = (
				20EAF80E261EF1A5008A8A05 /* Base */,
			);
			name = Main.storyboard;
			sourceTree = "<group>";
		};
		20EAF812261EF1A9008A8A05 /* LaunchScreen.storyboard */ = {
			isa = PBXVariantGroup;
			children = (
				20EAF813261EF1A9008A8A05 /* Base */,
			);
			name = LaunchScreen.storyboard;
			sourceTree = "<group>";
		};
/* End PBXVariantGroup section */

/* Begin XCBuildConfiguration section */
		20EAF82C261EF1A9008A8A05 /* Debug */ = {
			isa = XCBuildConfiguration;
			buildSettings = {
				ALWAYS_SEARCH_USER_PATHS = NO;
				CLANG_ANALYZER_NONNULL = YES;
				CLANG_ANALYZER_NUMBER_OBJECT_CONVERSION = YES_AGGRESSIVE;
				CLANG_CXX_LANGUAGE_STANDARD = "gnu++14";
				CLANG_CXX_LIBRARY = "libc++";
				CLANG_ENABLE_MODULES = YES;
				CLANG_ENABLE_OBJC_ARC = YES;
				CLANG_ENABLE_OBJC_WEAK = YES;
				CLANG_WARN_BLOCK_CAPTURE_AUTORELEASING = YES;
				CLANG_WARN_BOOL_CONVERSION = YES;
				CLANG_WARN_COMMA = YES;
				CLANG_WARN_CONSTANT_CONVERSION = YES;
				CLANG_WARN_DEPRECATED_OBJC_IMPLEMENTATIONS = YES;
				CLANG_WARN_DIRECT_OBJC_ISA_USAGE = YES_ERROR;
				CLANG_WARN_DOCUMENTATION_COMMENTS = YES;
				CLANG_WARN_EMPTY_BODY = YES;
				CLANG_WARN_ENUM_CONVERSION = YES;
				CLANG_WARN_INFINITE_RECURSION = YES;
				CLANG_WARN_INT_CONVERSION = YES;
				CLANG_WARN_NON_LITERAL_NULL_CONVERSION = YES;
				CLANG_WARN_OBJC_IMPLICIT_RETAIN_SELF = YES;
				CLANG_WARN_OBJC_LITERAL_CONVERSION = YES;
				CLANG_WARN_OBJC_ROOT_CLASS = YES_ERROR;
				CLANG_WARN_QUOTED_INCLUDE_IN_FRAMEWORK_HEADER = YES;
				CLANG_WARN_RANGE_LOOP_ANALYSIS = YES;
				CLANG_WARN_STRICT_PROTOTYPES = YES;
				CLANG_WARN_SUSPICIOUS_MOVE = YES;
				CLANG_WARN_UNGUARDED_AVAILABILITY = YES_AGGRESSIVE;
				CLANG_WARN_UNREACHABLE_CODE = YES;
				CLANG_WARN__DUPLICATE_METHOD_MATCH = YES;
				COPY_PHASE_STRIP = NO;
				DEBUG_INFORMATION_FORMAT = dwarf;
				ENABLE_STRICT_OBJC_MSGSEND = YES;
				ENABLE_TESTABILITY = YES;
				GCC_C_LANGUAGE_STANDARD = gnu11;
				GCC_DYNAMIC_NO_PIC = NO;
				GCC_NO_COMMON_BLOCKS = YES;
				GCC_OPTIMIZATION_LEVEL = 0;
				GCC_PREPROCESSOR_DEFINITIONS = (
					"DEBUG=1",
					"$(inherited)",
				);
				GCC_WARN_64_TO_32_BIT_CONVERSION = YES;
				GCC_WARN_ABOUT_RETURN_TYPE = YES_ERROR;
				GCC_WARN_UNDECLARED_SELECTOR = YES;
				GCC_WARN_UNINITIALIZED_AUTOS = YES_AGGRESSIVE;
				GCC_WARN_UNUSED_FUNCTION = YES;
				GCC_WARN_UNUSED_VARIABLE = YES;
				IPHONEOS_DEPLOYMENT_TARGET = 14.4;
				MTL_ENABLE_DEBUG_INFO = INCLUDE_SOURCE;
				MTL_FAST_MATH = YES;
				ONLY_ACTIVE_ARCH = YES;
				SDKROOT = iphoneos;
				SWIFT_ACTIVE_COMPILATION_CONDITIONS = DEBUG;
				SWIFT_OPTIMIZATION_LEVEL = "-Onone";
			};
			name = Debug;
		};
		20EAF82D261EF1A9008A8A05 /* Release */ = {
			isa = XCBuildConfiguration;
			buildSettings = {
				ALWAYS_SEARCH_USER_PATHS = NO;
				CLANG_ANALYZER_NONNULL = YES;
				CLANG_ANALYZER_NUMBER_OBJECT_CONVERSION = YES_AGGRESSIVE;
				CLANG_CXX_LANGUAGE_STANDARD = "gnu++14";
				CLANG_CXX_LIBRARY = "libc++";
				CLANG_ENABLE_MODULES = YES;
				CLANG_ENABLE_OBJC_ARC = YES;
				CLANG_ENABLE_OBJC_WEAK = YES;
				CLANG_WARN_BLOCK_CAPTURE_AUTORELEASING = YES;
				CLANG_WARN_BOOL_CONVERSION = YES;
				CLANG_WARN_COMMA = YES;
				CLANG_WARN_CONSTANT_CONVERSION = YES;
				CLANG_WARN_DEPRECATED_OBJC_IMPLEMENTATIONS = YES;
				CLANG_WARN_DIRECT_OBJC_ISA_USAGE = YES_ERROR;
				CLANG_WARN_DOCUMENTATION_COMMENTS = YES;
				CLANG_WARN_EMPTY_BODY = YES;
				CLANG_WARN_ENUM_CONVERSION = YES;
				CLANG_WARN_INFINITE_RECURSION = YES;
				CLANG_WARN_INT_CONVERSION = YES;
				CLANG_WARN_NON_LITERAL_NULL_CONVERSION = YES;
				CLANG_WARN_OBJC_IMPLICIT_RETAIN_SELF = YES;
				CLANG_WARN_OBJC_LITERAL_CONVERSION = YES;
				CLANG_WARN_OBJC_ROOT_CLASS = YES_ERROR;
				CLANG_WARN_QUOTED_INCLUDE_IN_FRAMEWORK_HEADER = YES;
				CLANG_WARN_RANGE_LOOP_ANALYSIS = YES;
				CLANG_WARN_STRICT_PROTOTYPES = YES;
				CLANG_WARN_SUSPICIOUS_MOVE = YES;
				CLANG_WARN_UNGUARDED_AVAILABILITY = YES_AGGRESSIVE;
				CLANG_WARN_UNREACHABLE_CODE = YES;
				CLANG_WARN__DUPLICATE_METHOD_MATCH = YES;
				COPY_PHASE_STRIP = NO;
				DEBUG_INFORMATION_FORMAT = "dwarf-with-dsym";
				ENABLE_NS_ASSERTIONS = NO;
				ENABLE_STRICT_OBJC_MSGSEND = YES;
				GCC_C_LANGUAGE_STANDARD = gnu11;
				GCC_NO_COMMON_BLOCKS = YES;
				GCC_WARN_64_TO_32_BIT_CONVERSION = YES;
				GCC_WARN_ABOUT_RETURN_TYPE = YES_ERROR;
				GCC_WARN_UNDECLARED_SELECTOR = YES;
				GCC_WARN_UNINITIALIZED_AUTOS = YES_AGGRESSIVE;
				GCC_WARN_UNUSED_FUNCTION = YES;
				GCC_WARN_UNUSED_VARIABLE = YES;
				IPHONEOS_DEPLOYMENT_TARGET = 14.4;
				MTL_ENABLE_DEBUG_INFO = NO;
				MTL_FAST_MATH = YES;
				SDKROOT = iphoneos;
				SWIFT_COMPILATION_MODE = wholemodule;
				SWIFT_OPTIMIZATION_LEVEL = "-O";
				VALIDATE_PRODUCT = YES;
			};
			name = Release;
		};
		20EAF82F261EF1A9008A8A05 /* Debug */ = {
			isa = XCBuildConfiguration;
			buildSettings = {
				ASSETCATALOG_COMPILER_APPICON_NAME = AppIcon;
				ASSETCATALOG_COMPILER_GLOBAL_ACCENT_COLOR_NAME = AccentColor;
				CODE_SIGN_STYLE = Automatic;
				INFOPLIST_FILE = Dasik/Info.plist;
				LD_RUNPATH_SEARCH_PATHS = (
					"$(inherited)",
					"@executable_path/Frameworks",
				);
				PRODUCT_BUNDLE_IDENTIFIER = dasik.Dasik;
				PRODUCT_NAME = "$(TARGET_NAME)";
				SWIFT_VERSION = 5.0;
				TARGETED_DEVICE_FAMILY = "1,2";
			};
			name = Debug;
		};
		20EAF830261EF1A9008A8A05 /* Release */ = {
			isa = XCBuildConfiguration;
			buildSettings = {
				ASSETCATALOG_COMPILER_APPICON_NAME = AppIcon;
				ASSETCATALOG_COMPILER_GLOBAL_ACCENT_COLOR_NAME = AccentColor;
				CODE_SIGN_STYLE = Automatic;
				INFOPLIST_FILE = Dasik/Info.plist;
				LD_RUNPATH_SEARCH_PATHS = (
					"$(inherited)",
					"@executable_path/Frameworks",
				);
				PRODUCT_BUNDLE_IDENTIFIER = dasik.Dasik;
				PRODUCT_NAME = "$(TARGET_NAME)";
				SWIFT_VERSION = 5.0;
				TARGETED_DEVICE_FAMILY = "1,2";
			};
			name = Release;
		};
		20EAF832261EF1A9008A8A05 /* Debug */ = {
			isa = XCBuildConfiguration;
			buildSettings = {
				ALWAYS_EMBED_SWIFT_STANDARD_LIBRARIES = YES;
				BUNDLE_LOADER = "$(TEST_HOST)";
				CODE_SIGN_STYLE = Automatic;
				INFOPLIST_FILE = DasikTests/Info.plist;
				IPHONEOS_DEPLOYMENT_TARGET = 14.4;
				LD_RUNPATH_SEARCH_PATHS = (
					"$(inherited)",
					"@executable_path/Frameworks",
					"@loader_path/Frameworks",
				);
				PRODUCT_BUNDLE_IDENTIFIER = dasik.DasikTests;
				PRODUCT_NAME = "$(TARGET_NAME)";
				SWIFT_VERSION = 5.0;
				TARGETED_DEVICE_FAMILY = "1,2";
				TEST_HOST = "$(BUILT_PRODUCTS_DIR)/Dasik.app/Dasik";
			};
			name = Debug;
		};
		20EAF833261EF1A9008A8A05 /* Release */ = {
			isa = XCBuildConfiguration;
			buildSettings = {
				ALWAYS_EMBED_SWIFT_STANDARD_LIBRARIES = YES;
				BUNDLE_LOADER = "$(TEST_HOST)";
				CODE_SIGN_STYLE = Automatic;
				INFOPLIST_FILE = DasikTests/Info.plist;
				IPHONEOS_DEPLOYMENT_TARGET = 14.4;
				LD_RUNPATH_SEARCH_PATHS = (
					"$(inherited)",
					"@executable_path/Frameworks",
					"@loader_path/Frameworks",
				);
				PRODUCT_BUNDLE_IDENTIFIER = dasik.DasikTests;
				PRODUCT_NAME = "$(TARGET_NAME)";
				SWIFT_VERSION = 5.0;
				TARGETED_DEVICE_FAMILY = "1,2";
				TEST_HOST = "$(BUILT_PRODUCTS_DIR)/Dasik.app/Dasik";
			};
			name = Release;
		};
		20EAF835261EF1A9008A8A05 /* Debug */ = {
			isa = XCBuildConfiguration;
			buildSettings = {
				ALWAYS_EMBED_SWIFT_STANDARD_LIBRARIES = YES;
				CODE_SIGN_STYLE = Automatic;
				INFOPLIST_FILE = DasikUITests/Info.plist;
				LD_RUNPATH_SEARCH_PATHS = (
					"$(inherited)",
					"@executable_path/Frameworks",
					"@loader_path/Frameworks",
				);
				PRODUCT_BUNDLE_IDENTIFIER = dasik.DasikUITests;
				PRODUCT_NAME = "$(TARGET_NAME)";
				SWIFT_VERSION = 5.0;
				TARGETED_DEVICE_FAMILY = "1,2";
				TEST_TARGET_NAME = Dasik;
			};
			name = Debug;
		};
		20EAF836261EF1A9008A8A05 /* Release */ = {
			isa = XCBuildConfiguration;
			buildSettings = {
				ALWAYS_EMBED_SWIFT_STANDARD_LIBRARIES = YES;
				CODE_SIGN_STYLE = Automatic;
				INFOPLIST_FILE = DasikUITests/Info.plist;
				LD_RUNPATH_SEARCH_PATHS = (
					"$(inherited)",
					"@executable_path/Frameworks",
					"@loader_path/Frameworks",
				);
				PRODUCT_BUNDLE_IDENTIFIER = dasik.DasikUITests;
				PRODUCT_NAME = "$(TARGET_NAME)";
				SWIFT_VERSION = 5.0;
				TARGETED_DEVICE_FAMILY = "1,2";
				TEST_TARGET_NAME = Dasik;
			};
			name = Release;
		};
/* End XCBuildConfiguration section */

/* Begin XCConfigurationList section */
		20EAF7FF261EF1A5008A8A05 /* Build configuration list for PBXProject "Dasik" */ = {
			isa = XCConfigurationList;
			buildConfigurations = (
				20EAF82C261EF1A9008A8A05 /* Debug */,
				20EAF82D261EF1A9008A8A05 /* Release */,
			);
			defaultConfigurationIsVisible = 0;
			defaultConfigurationName = Release;
		};
		20EAF82E261EF1A9008A8A05 /* Build configuration list for PBXNativeTarget "Dasik" */ = {
			isa = XCConfigurationList;
			buildConfigurations = (
				20EAF82F261EF1A9008A8A05 /* Debug */,
				20EAF830261EF1A9008A8A05 /* Release */,
			);
			defaultConfigurationIsVisible = 0;
			defaultConfigurationName = Release;
		};
		20EAF831261EF1A9008A8A05 /* Build configuration list for PBXNativeTarget "DasikTests" */ = {
			isa = XCConfigurationList;
			buildConfigurations = (
				20EAF832261EF1A9008A8A05 /* Debug */,
				20EAF833261EF1A9008A8A05 /* Release */,
			);
			defaultConfigurationIsVisible = 0;
			defaultConfigurationName = Release;
		};
		20EAF834261EF1A9008A8A05 /* Build configuration list for PBXNativeTarget "DasikUITests" */ = {
			isa = XCConfigurationList;
			buildConfigurations = (
				20EAF835261EF1A9008A8A05 /* Debug */,
				20EAF836261EF1A9008A8A05 /* Release */,
			);
			defaultConfigurationIsVisible = 0;
			defaultConfigurationName = Release;
		};
/* End XCConfigurationList section */
	};
	rootObject = 20EAF7FC261EF1A5008A8A05 /* Project object */;
}
